
Microsoft Visual Studio Solution File, Format Version 12.00
# Visual Studio Version 17
VisualStudioVersion = 17.13.35828.75
MinimumVisualStudioVersion = 10.0.40219.1
Project("{FAE04EC0-301F-11D3-BF4B-00C04F79EFBC}") = "Resurrection", "src\Resurrection\Resurrection.csproj", "{7AA8ABF7-B72E-941B-B0E5-C320CBEB5E73}"
EndProject
Project("{FAE04EC0-301F-11D3-BF4B-00C04F79EFBC}") = "Resurrection.Core", "src\Resurrection.Core\Resurrection.Core.csproj", "{E5FFD937-99D1-03E3-5EAB-FDC195B11B35}"
EndProject
Project("{FAE04EC0-301F-11D3-BF4B-00C04F79EFBC}") = "Resurrection.Domain", "src\Resurrection.Domain\Resurrection.Domain.csproj", "{2D09CEE7-F36A-EFCB-E8CD-C71E232A2143}"
EndProject
Global
	GlobalSection(SolutionConfigurationPlatforms) = preSolution
		Debug|Any CPU = Debug|Any CPU
		Release|Any CPU = Release|Any CPU
	EndGlobalSection
	GlobalSection(ProjectConfigurationPlatforms) = postSolution
		{7AA8ABF7-B72E-941B-B0E5-C320CBEB5E73}.Debug|Any CPU.ActiveCfg = Debug|Any CPU
		{7AA8ABF7-B72E-941B-B0E5-C320CBEB5E73}.Debug|Any CPU.Build.0 = Debug|Any CPU
		{7AA8ABF7-B72E-941B-B0E5-C320CBEB5E73}.Release|Any CPU.ActiveCfg = Release|Any CPU
		{7AA8ABF7-B72E-941B-B0E5-C320CBEB5E73}.Release|Any CPU.Build.0 = Release|Any CPU
		{E5FFD937-99D1-03E3-5EAB-FDC195B11B35}.Debug|Any CPU.ActiveCfg = Debug|Any CPU
		{E5FFD937-99D1-03E3-5EAB-FDC195B11B35}.Debug|Any CPU.Build.0 = Debug|Any CPU
		{E5FFD937-99D1-03E3-5EAB-FDC195B11B35}.Release|Any CPU.ActiveCfg = Release|Any CPU
		{E5FFD937-99D1-03E3-5EAB-FDC195B11B35}.Release|Any CPU.Build.0 = Release|Any CPU
		{2D09CEE7-F36A-EFCB-E8CD-C71E232A2143}.Debug|Any CPU.ActiveCfg = Debug|Any CPU
		{2D09CEE7-F36A-EFCB-E8CD-C71E232A2143}.Debug|Any CPU.Build.0 = Debug|Any CPU
		{2D09CEE7-F36A-EFCB-E8CD-C71E232A2143}.Release|Any CPU.ActiveCfg = Release|Any CPU
		{2D09CEE7-F36A-EFCB-E8CD-C71E232A2143}.Release|Any CPU.Build.0 = Release|Any CPU
	EndGlobalSection
	GlobalSection(SolutionProperties) = preSolution
		HideSolutionNode = FALSE
	EndGlobalSection
	GlobalSection(ExtensibilityGlobals) = postSolution
		SolutionGuid = {8C9B065B-6302-452D-92ED-225068473A72}
	EndGlobalSection
EndGlobal
